// !$*UTF8*$!
{
	archiveVersion = 1;
	classes = {
	};
	objectVersion = 50;
	objects = {

/* Begin PBXBuildFile section */
		D81170E321D689E8003E86CE /* AppDelegate.swift in Sources */ = {isa = PBXBuildFile; fileRef = D81170E221D689E8003E86CE /* AppDelegate.swift */; };
		D81170E521D689E8003E86CE /* ViewController.swift in Sources */ = {isa = PBXBuildFile; fileRef = D81170E421D689E8003E86CE /* ViewController.swift */; };
		D81170E821D689E8003E86CE /* Main.storyboard in Resources */ = {isa = PBXBuildFile; fileRef = D81170E621D689E8003E86CE /* Main.storyboard */; };
		D81170EA21D689E9003E86CE /* Assets.xcassets in Resources */ = {isa = PBXBuildFile; fileRef = D81170E921D689E9003E86CE /* Assets.xcassets */; };
		D81170EF21D68A1A003E86CE /* KevinBLE.swift in Sources */ = {isa = PBXBuildFile; fileRef = D8CC2D0C21D0AEDA0058C1F6 /* KevinBLE.swift */; };
		D88C8E0A21D5C01400308C5C /* KevinBLE.swift in Sources */ = {isa = PBXBuildFile; fileRef = D8CC2D0C21D0AEDA0058C1F6 /* KevinBLE.swift */; };
		D8CC2CD621D0A89C0058C1F6 /* AppDelegate.swift in Sources */ = {isa = PBXBuildFile; fileRef = D8CC2CD521D0A89C0058C1F6 /* AppDelegate.swift */; };
		D8CC2CD821D0A89C0058C1F6 /* ViewController.swift in Sources */ = {isa = PBXBuildFile; fileRef = D8CC2CD721D0A89C0058C1F6 /* ViewController.swift */; };
		D8CC2CDB21D0A89C0058C1F6 /* Main.storyboard in Resources */ = {isa = PBXBuildFile; fileRef = D8CC2CD921D0A89C0058C1F6 /* Main.storyboard */; };
		D8CC2CDD21D0A89F0058C1F6 /* Assets.xcassets in Resources */ = {isa = PBXBuildFile; fileRef = D8CC2CDC21D0A89F0058C1F6 /* Assets.xcassets */; };
		D8CC2CE021D0A89F0058C1F6 /* LaunchScreen.storyboard in Resources */ = {isa = PBXBuildFile; fileRef = D8CC2CDE21D0A89F0058C1F6 /* LaunchScreen.storyboard */; };
		D8CC2CE521D0A89F0058C1F6 /* Kevin WatchKit App.app in Embed Watch Content */ = {isa = PBXBuildFile; fileRef = D8CC2CE421D0A89F0058C1F6 /* Kevin WatchKit App.app */; };
		D8CC2CEB21D0A89F0058C1F6 /* Interface.storyboard in Resources */ = {isa = PBXBuildFile; fileRef = D8CC2CE921D0A89F0058C1F6 /* Interface.storyboard */; };
		D8CC2CED21D0A8A00058C1F6 /* Assets.xcassets in Resources */ = {isa = PBXBuildFile; fileRef = D8CC2CEC21D0A8A00058C1F6 /* Assets.xcassets */; };
		D8CC2CF421D0A8A00058C1F6 /* Kevin WatchKit Extension.appex in Embed App Extensions */ = {isa = PBXBuildFile; fileRef = D8CC2CF321D0A8A00058C1F6 /* Kevin WatchKit Extension.appex */; settings = {ATTRIBUTES = (RemoveHeadersOnCopy, ); }; };
		D8CC2CF921D0A8A00058C1F6 /* InterfaceController.swift in Sources */ = {isa = PBXBuildFile; fileRef = D8CC2CF821D0A8A00058C1F6 /* InterfaceController.swift */; };
		D8CC2CFB21D0A8A00058C1F6 /* ExtensionDelegate.swift in Sources */ = {isa = PBXBuildFile; fileRef = D8CC2CFA21D0A8A00058C1F6 /* ExtensionDelegate.swift */; };
		D8CC2CFD21D0A8A00058C1F6 /* Assets.xcassets in Resources */ = {isa = PBXBuildFile; fileRef = D8CC2CFC21D0A8A00058C1F6 /* Assets.xcassets */; };
		D8CC2D0D21D0AEDA0058C1F6 /* KevinBLE.swift in Sources */ = {isa = PBXBuildFile; fileRef = D8CC2D0C21D0AEDA0058C1F6 /* KevinBLE.swift */; };
		D8CC2D0F21D153A90058C1F6 /* UIView+Helpers.swift in Sources */ = {isa = PBXBuildFile; fileRef = D8CC2D0E21D153A90058C1F6 /* UIView+Helpers.swift */; };
/* End PBXBuildFile section */

/* Begin PBXContainerItemProxy section */
		D8CC2CE621D0A89F0058C1F6 /* PBXContainerItemProxy */ = {
			isa = PBXContainerItemProxy;
			containerPortal = D8CC2CCA21D0A89C0058C1F6 /* Project object */;
			proxyType = 1;
			remoteGlobalIDString = D8CC2CE321D0A89F0058C1F6;
			remoteInfo = "Kevin WatchKit App";
		};
		D8CC2CF521D0A8A00058C1F6 /* PBXContainerItemProxy */ = {
			isa = PBXContainerItemProxy;
			containerPortal = D8CC2CCA21D0A89C0058C1F6 /* Project object */;
			proxyType = 1;
			remoteGlobalIDString = D8CC2CF221D0A8A00058C1F6;
			remoteInfo = "Kevin WatchKit Extension";
		};
/* End PBXContainerItemProxy section */

/* Begin PBXCopyFilesBuildPhase section */
		D8CC2D0421D0A8A00058C1F6 /* Embed App Extensions */ = {
			isa = PBXCopyFilesBuildPhase;
			buildActionMask = 2147483647;
			dstPath = "";
			dstSubfolderSpec = 13;
			files = (
				D8CC2CF421D0A8A00058C1F6 /* Kevin WatchKit Extension.appex in Embed App Extensions */,
			);
			name = "Embed App Extensions";
			runOnlyForDeploymentPostprocessing = 0;
		};
		D8CC2D0821D0A8A00058C1F6 /* Embed Watch Content */ = {
			isa = PBXCopyFilesBuildPhase;
			buildActionMask = 2147483647;
			dstPath = "$(CONTENTS_FOLDER_PATH)/Watch";
			dstSubfolderSpec = 16;
			files = (
				D8CC2CE521D0A89F0058C1F6 /* Kevin WatchKit App.app in Embed Watch Content */,
			);
			name = "Embed Watch Content";
			runOnlyForDeploymentPostprocessing = 0;
		};
/* End PBXCopyFilesBuildPhase section */

/* Begin PBXFileReference section */
		D81170E021D689E7003E86CE /* KevinCam.app */ = {isa = PBXFileReference; explicitFileType = wrapper.application; includeInIndex = 0; path = KevinCam.app; sourceTree = BUILT_PRODUCTS_DIR; };
		D81170E221D689E8003E86CE /* AppDelegate.swift */ = {isa = PBXFileReference; lastKnownFileType = sourcecode.swift; path = AppDelegate.swift; sourceTree = "<group>"; };
		D81170E421D689E8003E86CE /* ViewController.swift */ = {isa = PBXFileReference; lastKnownFileType = sourcecode.swift; path = ViewController.swift; sourceTree = "<group>"; };
		D81170E721D689E8003E86CE /* Base */ = {isa = PBXFileReference; lastKnownFileType = file.storyboard; name = Base; path = Base.lproj/Main.storyboard; sourceTree = "<group>"; };
		D81170E921D689E9003E86CE /* Assets.xcassets */ = {isa = PBXFileReference; lastKnownFileType = folder.assetcatalog; path = Assets.xcassets; sourceTree = "<group>"; };
		D81170EB21D689E9003E86CE /* Info.plist */ = {isa = PBXFileReference; lastKnownFileType = text.plist.xml; path = Info.plist; sourceTree = "<group>"; };
		D8CC2CD221D0A89C0058C1F6 /* Kevin.app */ = {isa = PBXFileReference; explicitFileType = wrapper.application; includeInIndex = 0; path = Kevin.app; sourceTree = BUILT_PRODUCTS_DIR; };
		D8CC2CD521D0A89C0058C1F6 /* AppDelegate.swift */ = {isa = PBXFileReference; lastKnownFileType = sourcecode.swift; path = AppDelegate.swift; sourceTree = "<group>"; };
		D8CC2CD721D0A89C0058C1F6 /* ViewController.swift */ = {isa = PBXFileReference; lastKnownFileType = sourcecode.swift; path = ViewController.swift; sourceTree = "<group>"; };
		D8CC2CDA21D0A89C0058C1F6 /* Base */ = {isa = PBXFileReference; lastKnownFileType = file.storyboard; name = Base; path = Base.lproj/Main.storyboard; sourceTree = "<group>"; };
		D8CC2CDC21D0A89F0058C1F6 /* Assets.xcassets */ = {isa = PBXFileReference; lastKnownFileType = folder.assetcatalog; path = Assets.xcassets; sourceTree = "<group>"; };
		D8CC2CDF21D0A89F0058C1F6 /* Base */ = {isa = PBXFileReference; lastKnownFileType = file.storyboard; name = Base; path = Base.lproj/LaunchScreen.storyboard; sourceTree = "<group>"; };
		D8CC2CE121D0A89F0058C1F6 /* Info.plist */ = {isa = PBXFileReference; lastKnownFileType = text.plist.xml; path = Info.plist; sourceTree = "<group>"; };
		D8CC2CE421D0A89F0058C1F6 /* Kevin WatchKit App.app */ = {isa = PBXFileReference; explicitFileType = wrapper.application; includeInIndex = 0; path = "Kevin WatchKit App.app"; sourceTree = BUILT_PRODUCTS_DIR; };
		D8CC2CEA21D0A89F0058C1F6 /* Base */ = {isa = PBXFileReference; lastKnownFileType = file.storyboard; name = Base; path = Base.lproj/Interface.storyboard; sourceTree = "<group>"; };
		D8CC2CEC21D0A8A00058C1F6 /* Assets.xcassets */ = {isa = PBXFileReference; lastKnownFileType = folder.assetcatalog; path = Assets.xcassets; sourceTree = "<group>"; };
		D8CC2CEE21D0A8A00058C1F6 /* Info.plist */ = {isa = PBXFileReference; lastKnownFileType = text.plist.xml; path = Info.plist; sourceTree = "<group>"; };
		D8CC2CF321D0A8A00058C1F6 /* Kevin WatchKit Extension.appex */ = {isa = PBXFileReference; explicitFileType = "wrapper.app-extension"; includeInIndex = 0; path = "Kevin WatchKit Extension.appex"; sourceTree = BUILT_PRODUCTS_DIR; };
		D8CC2CF821D0A8A00058C1F6 /* InterfaceController.swift */ = {isa = PBXFileReference; lastKnownFileType = sourcecode.swift; path = InterfaceController.swift; sourceTree = "<group>"; };
		D8CC2CFA21D0A8A00058C1F6 /* ExtensionDelegate.swift */ = {isa = PBXFileReference; lastKnownFileType = sourcecode.swift; path = ExtensionDelegate.swift; sourceTree = "<group>"; };
		D8CC2CFC21D0A8A00058C1F6 /* Assets.xcassets */ = {isa = PBXFileReference; lastKnownFileType = folder.assetcatalog; path = Assets.xcassets; sourceTree = "<group>"; };
		D8CC2CFE21D0A8A00058C1F6 /* Info.plist */ = {isa = PBXFileReference; lastKnownFileType = text.plist.xml; path = Info.plist; sourceTree = "<group>"; };
		D8CC2D0C21D0AEDA0058C1F6 /* KevinBLE.swift */ = {isa = PBXFileReference; lastKnownFileType = sourcecode.swift; path = KevinBLE.swift; sourceTree = "<group>"; };
		D8CC2D0E21D153A90058C1F6 /* UIView+Helpers.swift */ = {isa = PBXFileReference; fileEncoding = 4; lastKnownFileType = sourcecode.swift; path = "UIView+Helpers.swift"; sourceTree = "<group>"; };
/* End PBXFileReference section */

/* Begin PBXFrameworksBuildPhase section */
		D81170DD21D689E7003E86CE /* Frameworks */ = {
			isa = PBXFrameworksBuildPhase;
			buildActionMask = 2147483647;
			files = (
			);
			runOnlyForDeploymentPostprocessing = 0;
		};
		D8CC2CCF21D0A89C0058C1F6 /* Frameworks */ = {
			isa = PBXFrameworksBuildPhase;
			buildActionMask = 2147483647;
			files = (
			);
			runOnlyForDeploymentPostprocessing = 0;
		};
		D8CC2CF021D0A8A00058C1F6 /* Frameworks */ = {
			isa = PBXFrameworksBuildPhase;
			buildActionMask = 2147483647;
			files = (
			);
			runOnlyForDeploymentPostprocessing = 0;
		};
/* End PBXFrameworksBuildPhase section */

/* Begin PBXGroup section */
		D81170E121D689E8003E86CE /* KevinCam */ = {
			isa = PBXGroup;
			children = (
				D81170E221D689E8003E86CE /* AppDelegate.swift */,
				D81170E421D689E8003E86CE /* ViewController.swift */,
				D81170E621D689E8003E86CE /* Main.storyboard */,
				D81170E921D689E9003E86CE /* Assets.xcassets */,
				D81170EB21D689E9003E86CE /* Info.plist */,
			);
			path = KevinCam;
			sourceTree = "<group>";
		};
		D8CC2CC921D0A89C0058C1F6 = {
			isa = PBXGroup;
			children = (
				D8CC2CD421D0A89C0058C1F6 /* Kevin */,
				D8CC2CE821D0A89F0058C1F6 /* Kevin WatchKit App */,
				D8CC2CF721D0A8A00058C1F6 /* Kevin WatchKit Extension */,
				D81170E121D689E8003E86CE /* KevinCam */,
				D8CC2CD321D0A89C0058C1F6 /* Products */,
			);
			sourceTree = "<group>";
		};
		D8CC2CD321D0A89C0058C1F6 /* Products */ = {
			isa = PBXGroup;
			children = (
				D8CC2CD221D0A89C0058C1F6 /* Kevin.app */,
				D8CC2CE421D0A89F0058C1F6 /* Kevin WatchKit App.app */,
				D8CC2CF321D0A8A00058C1F6 /* Kevin WatchKit Extension.appex */,
				D81170E021D689E7003E86CE /* KevinCam.app */,
			);
			name = Products;
			sourceTree = "<group>";
		};
		D8CC2CD421D0A89C0058C1F6 /* Kevin */ = {
			isa = PBXGroup;
			children = (
				D8CC2CD521D0A89C0058C1F6 /* AppDelegate.swift */,
				D8CC2CD721D0A89C0058C1F6 /* ViewController.swift */,
				D8CC2CD921D0A89C0058C1F6 /* Main.storyboard */,
				D8CC2D0C21D0AEDA0058C1F6 /* KevinBLE.swift */,
				D8CC2D0E21D153A90058C1F6 /* UIView+Helpers.swift */,
				D8CC2CDC21D0A89F0058C1F6 /* Assets.xcassets */,
				D8CC2CDE21D0A89F0058C1F6 /* LaunchScreen.storyboard */,
				D8CC2CE121D0A89F0058C1F6 /* Info.plist */,
			);
			path = Kevin;
			sourceTree = "<group>";
		};
		D8CC2CE821D0A89F0058C1F6 /* Kevin WatchKit App */ = {
			isa = PBXGroup;
			children = (
				D8CC2CE921D0A89F0058C1F6 /* Interface.storyboard */,
				D8CC2CEC21D0A8A00058C1F6 /* Assets.xcassets */,
				D8CC2CEE21D0A8A00058C1F6 /* Info.plist */,
			);
			path = "Kevin WatchKit App";
			sourceTree = "<group>";
		};
		D8CC2CF721D0A8A00058C1F6 /* Kevin WatchKit Extension */ = {
			isa = PBXGroup;
			children = (
				D8CC2CFA21D0A8A00058C1F6 /* ExtensionDelegate.swift */,
				D8CC2CF821D0A8A00058C1F6 /* InterfaceController.swift */,
				D8CC2CFC21D0A8A00058C1F6 /* Assets.xcassets */,
				D8CC2CFE21D0A8A00058C1F6 /* Info.plist */,
			);
			path = "Kevin WatchKit Extension";
			sourceTree = "<group>";
		};
/* End PBXGroup section */

/* Begin PBXNativeTarget section */
		D81170DF21D689E7003E86CE /* KevinCam */ = {
			isa = PBXNativeTarget;
			buildConfigurationList = D81170EE21D689E9003E86CE /* Build configuration list for PBXNativeTarget "KevinCam" */;
			buildPhases = (
				D81170DC21D689E7003E86CE /* Sources */,
				D81170DD21D689E7003E86CE /* Frameworks */,
				D81170DE21D689E7003E86CE /* Resources */,
			);
			buildRules = (
			);
			dependencies = (
			);
			name = KevinCam;
			productName = KevinCam;
			productReference = D81170E021D689E7003E86CE /* KevinCam.app */;
			productType = "com.apple.product-type.application";
		};
		D8CC2CD121D0A89C0058C1F6 /* Kevin */ = {
			isa = PBXNativeTarget;
			buildConfigurationList = D8CC2D0921D0A8A00058C1F6 /* Build configuration list for PBXNativeTarget "Kevin" */;
			buildPhases = (
				D8CC2CCE21D0A89C0058C1F6 /* Sources */,
				D8CC2CCF21D0A89C0058C1F6 /* Frameworks */,
				D8CC2CD021D0A89C0058C1F6 /* Resources */,
				D8CC2D0821D0A8A00058C1F6 /* Embed Watch Content */,
			);
			buildRules = (
			);
			dependencies = (
				D8CC2CE721D0A89F0058C1F6 /* PBXTargetDependency */,
			);
			name = Kevin;
			productName = Kevin;
			productReference = D8CC2CD221D0A89C0058C1F6 /* Kevin.app */;
			productType = "com.apple.product-type.application";
		};
		D8CC2CE321D0A89F0058C1F6 /* Kevin WatchKit App */ = {
			isa = PBXNativeTarget;
			buildConfigurationList = D8CC2D0521D0A8A00058C1F6 /* Build configuration list for PBXNativeTarget "Kevin WatchKit App" */;
			buildPhases = (
				D8CC2CE221D0A89F0058C1F6 /* Resources */,
				D8CC2D0421D0A8A00058C1F6 /* Embed App Extensions */,
			);
			buildRules = (
			);
			dependencies = (
				D8CC2CF621D0A8A00058C1F6 /* PBXTargetDependency */,
			);
			name = "Kevin WatchKit App";
			productName = "Kevin WatchKit App";
			productReference = D8CC2CE421D0A89F0058C1F6 /* Kevin WatchKit App.app */;
			productType = "com.apple.product-type.application.watchapp2";
		};
		D8CC2CF221D0A8A00058C1F6 /* Kevin WatchKit Extension */ = {
			isa = PBXNativeTarget;
			buildConfigurationList = D8CC2D0121D0A8A00058C1F6 /* Build configuration list for PBXNativeTarget "Kevin WatchKit Extension" */;
			buildPhases = (
				D8CC2CEF21D0A8A00058C1F6 /* Sources */,
				D8CC2CF021D0A8A00058C1F6 /* Frameworks */,
				D8CC2CF121D0A8A00058C1F6 /* Resources */,
			);
			buildRules = (
			);
			dependencies = (
			);
			name = "Kevin WatchKit Extension";
			productName = "Kevin WatchKit Extension";
			productReference = D8CC2CF321D0A8A00058C1F6 /* Kevin WatchKit Extension.appex */;
			productType = "com.apple.product-type.watchkit2-extension";
		};
/* End PBXNativeTarget section */

/* Begin PBXProject section */
		D8CC2CCA21D0A89C0058C1F6 /* Project object */ = {
			isa = PBXProject;
			attributes = {
				LastSwiftUpdateCheck = 1010;
				LastUpgradeCheck = 1010;
				ORGANIZATIONNAME = "Michael Harper";
				TargetAttributes = {
					D81170DF21D689E7003E86CE = {
						CreatedOnToolsVersion = 10.1;
					};
					D8CC2CD121D0A89C0058C1F6 = {
						CreatedOnToolsVersion = 10.1;
					};
					D8CC2CE321D0A89F0058C1F6 = {
						CreatedOnToolsVersion = 10.1;
					};
					D8CC2CF221D0A8A00058C1F6 = {
						CreatedOnToolsVersion = 10.1;
						SystemCapabilities = {
							com.apple.BackgroundModes.watchos.extension = {
								enabled = 0;
							};
						};
					};
				};
			};
			buildConfigurationList = D8CC2CCD21D0A89C0058C1F6 /* Build configuration list for PBXProject "Kevin" */;
			compatibilityVersion = "Xcode 9.3";
			developmentRegion = en;
			hasScannedForEncodings = 0;
			knownRegions = (
				en,
				Base,
			);
			mainGroup = D8CC2CC921D0A89C0058C1F6;
			productRefGroup = D8CC2CD321D0A89C0058C1F6 /* Products */;
			projectDirPath = "";
			projectRoot = "";
			targets = (
				D8CC2CD121D0A89C0058C1F6 /* Kevin */,
				D8CC2CE321D0A89F0058C1F6 /* Kevin WatchKit App */,
				D8CC2CF221D0A8A00058C1F6 /* Kevin WatchKit Extension */,
				D81170DF21D689E7003E86CE /* KevinCam */,
			);
		};
/* End PBXProject section */

/* Begin PBXResourcesBuildPhase section */
		D81170DE21D689E7003E86CE /* Resources */ = {
			isa = PBXResourcesBuildPhase;
			buildActionMask = 2147483647;
			files = (
				D81170EA21D689E9003E86CE /* Assets.xcassets in Resources */,
				D81170E821D689E8003E86CE /* Main.storyboard in Resources */,
			);
			runOnlyForDeploymentPostprocessing = 0;
		};
		D8CC2CD021D0A89C0058C1F6 /* Resources */ = {
			isa = PBXResourcesBuildPhase;
			buildActionMask = 2147483647;
			files = (
				D8CC2CE021D0A89F0058C1F6 /* LaunchScreen.storyboard in Resources */,
				D8CC2CDD21D0A89F0058C1F6 /* Assets.xcassets in Resources */,
				D8CC2CDB21D0A89C0058C1F6 /* Main.storyboard in Resources */,
			);
			runOnlyForDeploymentPostprocessing = 0;
		};
		D8CC2CE221D0A89F0058C1F6 /* Resources */ = {
			isa = PBXResourcesBuildPhase;
			buildActionMask = 2147483647;
			files = (
				D8CC2CED21D0A8A00058C1F6 /* Assets.xcassets in Resources */,
				D8CC2CEB21D0A89F0058C1F6 /* Interface.storyboard in Resources */,
			);
			runOnlyForDeploymentPostprocessing = 0;
		};
		D8CC2CF121D0A8A00058C1F6 /* Resources */ = {
			isa = PBXResourcesBuildPhase;
			buildActionMask = 2147483647;
			files = (
				D8CC2CFD21D0A8A00058C1F6 /* Assets.xcassets in Resources */,
			);
			runOnlyForDeploymentPostprocessing = 0;
		};
/* End PBXResourcesBuildPhase section */

/* Begin PBXSourcesBuildPhase section */
		D81170DC21D689E7003E86CE /* Sources */ = {
			isa = PBXSourcesBuildPhase;
			buildActionMask = 2147483647;
			files = (
				D81170E521D689E8003E86CE /* ViewController.swift in Sources */,
				D81170EF21D68A1A003E86CE /* KevinBLE.swift in Sources */,
				D81170E321D689E8003E86CE /* AppDelegate.swift in Sources */,
			);
			runOnlyForDeploymentPostprocessing = 0;
		};
		D8CC2CCE21D0A89C0058C1F6 /* Sources */ = {
			isa = PBXSourcesBuildPhase;
			buildActionMask = 2147483647;
			files = (
				D8CC2CD821D0A89C0058C1F6 /* ViewController.swift in Sources */,
				D8CC2D0D21D0AEDA0058C1F6 /* KevinBLE.swift in Sources */,
				D8CC2D0F21D153A90058C1F6 /* UIView+Helpers.swift in Sources */,
				D8CC2CD621D0A89C0058C1F6 /* AppDelegate.swift in Sources */,
			);
			runOnlyForDeploymentPostprocessing = 0;
		};
		D8CC2CEF21D0A8A00058C1F6 /* Sources */ = {
			isa = PBXSourcesBuildPhase;
			buildActionMask = 2147483647;
			files = (
				D8CC2CFB21D0A8A00058C1F6 /* ExtensionDelegate.swift in Sources */,
				D88C8E0A21D5C01400308C5C /* KevinBLE.swift in Sources */,
				D8CC2CF921D0A8A00058C1F6 /* InterfaceController.swift in Sources */,
			);
			runOnlyForDeploymentPostprocessing = 0;
		};
/* End PBXSourcesBuildPhase section */

/* Begin PBXTargetDependency section */
		D8CC2CE721D0A89F0058C1F6 /* PBXTargetDependency */ = {
			isa = PBXTargetDependency;
			target = D8CC2CE321D0A89F0058C1F6 /* Kevin WatchKit App */;
			targetProxy = D8CC2CE621D0A89F0058C1F6 /* PBXContainerItemProxy */;
		};
		D8CC2CF621D0A8A00058C1F6 /* PBXTargetDependency */ = {
			isa = PBXTargetDependency;
			target = D8CC2CF221D0A8A00058C1F6 /* Kevin WatchKit Extension */;
			targetProxy = D8CC2CF521D0A8A00058C1F6 /* PBXContainerItemProxy */;
		};
/* End PBXTargetDependency section */

/* Begin PBXVariantGroup section */
		D81170E621D689E8003E86CE /* Main.storyboard */ = {
			isa = PBXVariantGroup;
			children = (
				D81170E721D689E8003E86CE /* Base */,
			);
			name = Main.storyboard;
			sourceTree = "<group>";
		};
		D8CC2CD921D0A89C0058C1F6 /* Main.storyboard */ = {
			isa = PBXVariantGroup;
			children = (
				D8CC2CDA21D0A89C0058C1F6 /* Base */,
			);
			name = Main.storyboard;
			sourceTree = "<group>";
		};
		D8CC2CDE21D0A89F0058C1F6 /* LaunchScreen.storyboard */ = {
			isa = PBXVariantGroup;
			children = (
				D8CC2CDF21D0A89F0058C1F6 /* Base */,
			);
			name = LaunchScreen.storyboard;
			sourceTree = "<group>";
		};
		D8CC2CE921D0A89F0058C1F6 /* Interface.storyboard */ = {
			isa = PBXVariantGroup;
			children = (
				D8CC2CEA21D0A89F0058C1F6 /* Base */,
			);
			name = Interface.storyboard;
			sourceTree = "<group>";
		};
/* End PBXVariantGroup section */

/* Begin XCBuildConfiguration section */
		D81170EC21D689E9003E86CE /* Debug */ = {
			isa = XCBuildConfiguration;
			buildSettings = {
				ASSETCATALOG_COMPILER_APPICON_NAME = "App Icon & Top Shelf Image";
				ASSETCATALOG_COMPILER_LAUNCHIMAGE_NAME = LaunchImage;
				CODE_SIGN_STYLE = Automatic;
				DEVELOPMENT_TEAM = 2Z2S6NCD7P;
				INFOPLIST_FILE = KevinCam/Info.plist;
				LD_RUNPATH_SEARCH_PATHS = (
					"$(inherited)",
					"@executable_path/Frameworks",
				);
				PRODUCT_BUNDLE_IDENTIFIER = com.standalonecode.KevinCam;
				PRODUCT_NAME = "$(TARGET_NAME)";
				SDKROOT = appletvos;
				SWIFT_VERSION = 4.2;
				TARGETED_DEVICE_FAMILY = 3;
				TVOS_DEPLOYMENT_TARGET = 12.1;
			};
			name = Debug;
		};
		D81170ED21D689E9003E86CE /* Release */ = {
			isa = XCBuildConfiguration;
			buildSettings = {
				ASSETCATALOG_COMPILER_APPICON_NAME = "App Icon & Top Shelf Image";
				ASSETCATALOG_COMPILER_LAUNCHIMAGE_NAME = LaunchImage;
				CODE_SIGN_STYLE = Automatic;
				DEVELOPMENT_TEAM = 2Z2S6NCD7P;
				INFOPLIST_FILE = KevinCam/Info.plist;
				LD_RUNPATH_SEARCH_PATHS = (
					"$(inherited)",
					"@executable_path/Frameworks",
				);
				PRODUCT_BUNDLE_IDENTIFIER = com.standalonecode.KevinCam;
				PRODUCT_NAME = "$(TARGET_NAME)";
				SDKROOT = appletvos;
				SWIFT_VERSION = 4.2;
				TARGETED_DEVICE_FAMILY = 3;
				TVOS_DEPLOYMENT_TARGET = 12.1;
			};
			name = Release;
		};
		D8CC2CFF21D0A8A00058C1F6 /* Debug */ = {
			isa = XCBuildConfiguration;
			buildSettings = {
				ALWAYS_SEARCH_USER_PATHS = NO;
				CLANG_ANALYZER_NONNULL = YES;
				CLANG_ANALYZER_NUMBER_OBJECT_CONVERSION = YES_AGGRESSIVE;
				CLANG_CXX_LANGUAGE_STANDARD = "gnu++14";
				CLANG_CXX_LIBRARY = "libc++";
				CLANG_ENABLE_MODULES = YES;
				CLANG_ENABLE_OBJC_ARC = YES;
				CLANG_ENABLE_OBJC_WEAK = YES;
				CLANG_WARN_BLOCK_CAPTURE_AUTORELEASING = YES;
				CLANG_WARN_BOOL_CONVERSION = YES;
				CLANG_WARN_COMMA = YES;
				CLANG_WARN_CONSTANT_CONVERSION = YES;
				CLANG_WARN_DEPRECATED_OBJC_IMPLEMENTATIONS = YES;
				CLANG_WARN_DIRECT_OBJC_ISA_USAGE = YES_ERROR;
				CLANG_WARN_DOCUMENTATION_COMMENTS = YES;
				CLANG_WARN_EMPTY_BODY = YES;
				CLANG_WARN_ENUM_CONVERSION = YES;
				CLANG_WARN_INFINITE_RECURSION = YES;
				CLANG_WARN_INT_CONVERSION = YES;
				CLANG_WARN_NON_LITERAL_NULL_CONVERSION = YES;
				CLANG_WARN_OBJC_IMPLICIT_RETAIN_SELF = YES;
				CLANG_WARN_OBJC_LITERAL_CONVERSION = YES;
				CLANG_WARN_OBJC_ROOT_CLASS = YES_ERROR;
				CLANG_WARN_RANGE_LOOP_ANALYSIS = YES;
				CLANG_WARN_STRICT_PROTOTYPES = YES;
				CLANG_WARN_SUSPICIOUS_MOVE = YES;
				CLANG_WARN_UNGUARDED_AVAILABILITY = YES_AGGRESSIVE;
				CLANG_WARN_UNREACHABLE_CODE = YES;
				CLANG_WARN__DUPLICATE_METHOD_MATCH = YES;
				CODE_SIGN_IDENTITY = "iPhone Developer";
				COPY_PHASE_STRIP = NO;
				DEBUG_INFORMATION_FORMAT = dwarf;
				ENABLE_STRICT_OBJC_MSGSEND = YES;
				ENABLE_TESTABILITY = YES;
				GCC_C_LANGUAGE_STANDARD = gnu11;
				GCC_DYNAMIC_NO_PIC = NO;
				GCC_NO_COMMON_BLOCKS = YES;
				GCC_OPTIMIZATION_LEVEL = 0;
				GCC_PREPROCESSOR_DEFINITIONS = (
					"DEBUG=1",
					"$(inherited)",
				);
				GCC_WARN_64_TO_32_BIT_CONVERSION = YES;
				GCC_WARN_ABOUT_RETURN_TYPE = YES_ERROR;
				GCC_WARN_UNDECLARED_SELECTOR = YES;
				GCC_WARN_UNINITIALIZED_AUTOS = YES_AGGRESSIVE;
				GCC_WARN_UNUSED_FUNCTION = YES;
				GCC_WARN_UNUSED_VARIABLE = YES;
				IPHONEOS_DEPLOYMENT_TARGET = 12.1;
				MTL_ENABLE_DEBUG_INFO = INCLUDE_SOURCE;
				MTL_FAST_MATH = YES;
				ONLY_ACTIVE_ARCH = YES;
				SDKROOT = iphoneos;
				SWIFT_ACTIVE_COMPILATION_CONDITIONS = DEBUG;
				SWIFT_OPTIMIZATION_LEVEL = "-Onone";
			};
			name = Debug;
		};
		D8CC2D0021D0A8A00058C1F6 /* Release */ = {
			isa = XCBuildConfiguration;
			buildSettings = {
				ALWAYS_SEARCH_USER_PATHS = NO;
				CLANG_ANALYZER_NONNULL = YES;
				CLANG_ANALYZER_NUMBER_OBJECT_CONVERSION = YES_AGGRESSIVE;
				CLANG_CXX_LANGUAGE_STANDARD = "gnu++14";
				CLANG_CXX_LIBRARY = "libc++";
				CLANG_ENABLE_MODULES = YES;
				CLANG_ENABLE_OBJC_ARC = YES;
				CLANG_ENABLE_OBJC_WEAK = YES;
				CLANG_WARN_BLOCK_CAPTURE_AUTORELEASING = YES;
				CLANG_WARN_BOOL_CONVERSION = YES;
				CLANG_WARN_COMMA = YES;
				CLANG_WARN_CONSTANT_CONVERSION = YES;
				CLANG_WARN_DEPRECATED_OBJC_IMPLEMENTATIONS = YES;
				CLANG_WARN_DIRECT_OBJC_ISA_USAGE = YES_ERROR;
				CLANG_WARN_DOCUMENTATION_COMMENTS = YES;
				CLANG_WARN_EMPTY_BODY = YES;
				CLANG_WARN_ENUM_CONVERSION = YES;
				CLANG_WARN_INFINITE_RECURSION = YES;
				CLANG_WARN_INT_CONVERSION = YES;
				CLANG_WARN_NON_LITERAL_NULL_CONVERSION = YES;
				CLANG_WARN_OBJC_IMPLICIT_RETAIN_SELF = YES;
				CLANG_WARN_OBJC_LITERAL_CONVERSION = YES;
				CLANG_WARN_OBJC_ROOT_CLASS = YES_ERROR;
				CLANG_WARN_RANGE_LOOP_ANALYSIS = YES;
				CLANG_WARN_STRICT_PROTOTYPES = YES;
				CLANG_WARN_SUSPICIOUS_MOVE = YES;
				CLANG_WARN_UNGUARDED_AVAILABILITY = YES_AGGRESSIVE;
				CLANG_WARN_UNREACHABLE_CODE = YES;
				CLANG_WARN__DUPLICATE_METHOD_MATCH = YES;
				CODE_SIGN_IDENTITY = "iPhone Developer";
				COPY_PHASE_STRIP = NO;
				DEBUG_INFORMATION_FORMAT = "dwarf-with-dsym";
				ENABLE_NS_ASSERTIONS = NO;
				ENABLE_STRICT_OBJC_MSGSEND = YES;
				GCC_C_LANGUAGE_STANDARD = gnu11;
				GCC_NO_COMMON_BLOCKS = YES;
				GCC_WARN_64_TO_32_BIT_CONVERSION = YES;
				GCC_WARN_ABOUT_RETURN_TYPE = YES_ERROR;
				GCC_WARN_UNDECLARED_SELECTOR = YES;
				GCC_WARN_UNINITIALIZED_AUTOS = YES_AGGRESSIVE;
				GCC_WARN_UNUSED_FUNCTION = YES;
				GCC_WARN_UNUSED_VARIABLE = YES;
				IPHONEOS_DEPLOYMENT_TARGET = 12.1;
				MTL_ENABLE_DEBUG_INFO = NO;
				MTL_FAST_MATH = YES;
				SDKROOT = iphoneos;
				SWIFT_COMPILATION_MODE = wholemodule;
				SWIFT_OPTIMIZATION_LEVEL = "-O";
				VALIDATE_PRODUCT = YES;
			};
			name = Release;
		};
		D8CC2D0221D0A8A00058C1F6 /* Debug */ = {
			isa = XCBuildConfiguration;
			buildSettings = {
				ASSETCATALOG_COMPILER_COMPLICATION_NAME = Complication;
				CODE_SIGN_STYLE = Automatic;
				DEVELOPMENT_TEAM = KBUL7G4S97;
				INFOPLIST_FILE = "Kevin WatchKit Extension/Info.plist";
				LD_RUNPATH_SEARCH_PATHS = (
					"$(inherited)",
					"@executable_path/Frameworks",
					"@executable_path/../../Frameworks",
				);
				PRODUCT_BUNDLE_IDENTIFIER = com.standalonecode.Kevin.watchkitapp.watchkitextension;
				PRODUCT_NAME = "${TARGET_NAME}";
				SDKROOT = watchos;
				SKIP_INSTALL = YES;
				SWIFT_VERSION = 4.2;
				TARGETED_DEVICE_FAMILY = 4;
				WATCHOS_DEPLOYMENT_TARGET = 5.1;
			};
			name = Debug;
		};
		D8CC2D0321D0A8A00058C1F6 /* Release */ = {
			isa = XCBuildConfiguration;
			buildSettings = {
				ASSETCATALOG_COMPILER_COMPLICATION_NAME = Complication;
				CODE_SIGN_STYLE = Automatic;
				DEVELOPMENT_TEAM = KBUL7G4S97;
				INFOPLIST_FILE = "Kevin WatchKit Extension/Info.plist";
				LD_RUNPATH_SEARCH_PATHS = (
					"$(inherited)",
					"@executable_path/Frameworks",
					"@executable_path/../../Frameworks",
				);
				PRODUCT_BUNDLE_IDENTIFIER = com.standalonecode.Kevin.watchkitapp.watchkitextension;
				PRODUCT_NAME = "${TARGET_NAME}";
				SDKROOT = watchos;
				SKIP_INSTALL = YES;
				SWIFT_VERSION = 4.2;
				TARGETED_DEVICE_FAMILY = 4;
				WATCHOS_DEPLOYMENT_TARGET = 5.1;
			};
			name = Release;
		};
		D8CC2D0621D0A8A00058C1F6 /* Debug */ = {
			isa = XCBuildConfiguration;
			buildSettings = {
				ALWAYS_EMBED_SWIFT_STANDARD_LIBRARIES = YES;
				ASSETCATALOG_COMPILER_APPICON_NAME = AppIcon;
				CODE_SIGN_STYLE = Automatic;
				DEVELOPMENT_TEAM = KBUL7G4S97;
				IBSC_MODULE = Kevin_WatchKit_Extension;
				INFOPLIST_FILE = "Kevin WatchKit App/Info.plist";
				PRODUCT_BUNDLE_IDENTIFIER = com.standalonecode.Kevin.watchkitapp;
				PRODUCT_NAME = "$(TARGET_NAME)";
				SDKROOT = watchos;
				SKIP_INSTALL = YES;
				SWIFT_VERSION = 4.2;
				TARGETED_DEVICE_FAMILY = 4;
				WATCHOS_DEPLOYMENT_TARGET = 5.1;
			};
			name = Debug;
		};
		D8CC2D0721D0A8A00058C1F6 /* Release */ = {
			isa = XCBuildConfiguration;
			buildSettings = {
				ALWAYS_EMBED_SWIFT_STANDARD_LIBRARIES = YES;
				ASSETCATALOG_COMPILER_APPICON_NAME = AppIcon;
				CODE_SIGN_STYLE = Automatic;
				DEVELOPMENT_TEAM = KBUL7G4S97;
				IBSC_MODULE = Kevin_WatchKit_Extension;
				INFOPLIST_FILE = "Kevin WatchKit App/Info.plist";
				PRODUCT_BUNDLE_IDENTIFIER = com.standalonecode.Kevin.watchkitapp;
				PRODUCT_NAME = "$(TARGET_NAME)";
				SDKROOT = watchos;
				SKIP_INSTALL = YES;
				SWIFT_VERSION = 4.2;
				TARGETED_DEVICE_FAMILY = 4;
				WATCHOS_DEPLOYMENT_TARGET = 5.1;
			};
			name = Release;
		};
		D8CC2D0A21D0A8A00058C1F6 /* Debug */ = {
			isa = XCBuildConfiguration;
			buildSettings = {
				ASSETCATALOG_COMPILER_APPICON_NAME = AppIcon;
				CODE_SIGN_STYLE = Automatic;
				DEVELOPMENT_TEAM = KBUL7G4S97;
				INFOPLIST_FILE = Kevin/Info.plist;
				LD_RUNPATH_SEARCH_PATHS = (
					"$(inherited)",
					"@executable_path/Frameworks",
				);
				PRODUCT_BUNDLE_IDENTIFIER = com.standalonecode.Kevin;
				PRODUCT_NAME = "$(TARGET_NAME)";
				SWIFT_VERSION = 4.2;
				TARGETED_DEVICE_FAMILY = "1,2";
			};
			name = Debug;
		};
		D8CC2D0B21D0A8A00058C1F6 /* Release */ = {
			isa = XCBuildConfiguration;
			buildSettings = {
				ASSETCATALOG_COMPILER_APPICON_NAME = AppIcon;
				CODE_SIGN_STYLE = Automatic;
				DEVELOPMENT_TEAM = KBUL7G4S97;
				INFOPLIST_FILE = Kevin/Info.plist;
				LD_RUNPATH_SEARCH_PATHS = (
					"$(inherited)",
					"@executable_path/Frameworks",
				);
				PRODUCT_BUNDLE_IDENTIFIER = com.standalonecode.Kevin;
				PRODUCT_NAME = "$(TARGET_NAME)";
				SWIFT_VERSION = 4.2;
				TARGETED_DEVICE_FAMILY = "1,2";
			};
			name = Release;
		};
/* End XCBuildConfiguration section */

/* Begin XCConfigurationList section */
		D81170EE21D689E9003E86CE /* Build configuration list for PBXNativeTarget "KevinCam" */ = {
			isa = XCConfigurationList;
			buildConfigurations = (
				D81170EC21D689E9003E86CE /* Debug */,
				D81170ED21D689E9003E86CE /* Release */,
			);
			defaultConfigurationIsVisible = 0;
			defaultConfigurationName = Release;
		};
		D8CC2CCD21D0A89C0058C1F6 /* Build configuration list for PBXProject "Kevin" */ = {
			isa = XCConfigurationList;
			buildConfigurations = (
				D8CC2CFF21D0A8A00058C1F6 /* Debug */,
				D8CC2D0021D0A8A00058C1F6 /* Release */,
			);
			defaultConfigurationIsVisible = 0;
			defaultConfigurationName = Release;
		};
		D8CC2D0121D0A8A00058C1F6 /* Build configuration list for PBXNativeTarget "Kevin WatchKit Extension" */ = {
			isa = XCConfigurationList;
			buildConfigurations = (
				D8CC2D0221D0A8A00058C1F6 /* Debug */,
				D8CC2D0321D0A8A00058C1F6 /* Release */,
			);
			defaultConfigurationIsVisible = 0;
			defaultConfigurationName = Release;
		};
		D8CC2D0521D0A8A00058C1F6 /* Build configuration list for PBXNativeTarget "Kevin WatchKit App" */ = {
			isa = XCConfigurationList;
			buildConfigurations = (
				D8CC2D0621D0A8A00058C1F6 /* Debug */,
				D8CC2D0721D0A8A00058C1F6 /* Release */,
			);
			defaultConfigurationIsVisible = 0;
			defaultConfigurationName = Release;
		};
		D8CC2D0921D0A8A00058C1F6 /* Build configuration list for PBXNativeTarget "Kevin" */ = {
			isa = XCConfigurationList;
			buildConfigurations = (
				D8CC2D0A21D0A8A00058C1F6 /* Debug */,
				D8CC2D0B21D0A8A00058C1F6 /* Release */,
			);
			defaultConfigurationIsVisible = 0;
			defaultConfigurationName = Release;
		};
/* End XCConfigurationList section */
	};
	rootObject = D8CC2CCA21D0A89C0058C1F6 /* Project object */;
}
